
Microsoft Visual Studio Solution File, Format Version 12.00
Project("{FAE04EC0-301F-11D3-BF4B-00C04F79EFBC}") = "ExMessengerApi", "ExMessengerApi\ExMessengerApi.csproj", "{7975DD88-C68C-4469-8E48-EFFE63C0C4E7}"
EndProject
Project("{FAE04EC0-301F-11D3-BF4B-00C04F79EFBC}") = "ExMessengerApi.Data.Models", "ExMessengerApi.Data.Models\ExMessengerApi.Data.Models.csproj", "{67F0469A-0896-4BC3-AD15-290AEFF85A2E}"
EndProject
Project("{FAE04EC0-301F-11D3-BF4B-00C04F79EFBC}") = "ExMessengerApi.Data", "ExMessengerApi.Data\ExMessengerApi.Data.csproj", "{B08B1F8F-9D53-4D0D-945D-840B697721DA}"
EndProject
Global
	GlobalSection(SolutionConfigurationPlatforms) = preSolution
		Debug|Any CPU = Debug|Any CPU
		Release|Any CPU = Release|Any CPU
	EndGlobalSection
	GlobalSection(ProjectConfigurationPlatforms) = postSolution
		{7975DD88-C68C-4469-8E48-EFFE63C0C4E7}.Debug|Any CPU.ActiveCfg = Debug|Any CPU
		{7975DD88-C68C-4469-8E48-EFFE63C0C4E7}.Debug|Any CPU.Build.0 = Debug|Any CPU
		{7975DD88-C68C-4469-8E48-EFFE63C0C4E7}.Release|Any CPU.ActiveCfg = Release|Any CPU
		{7975DD88-C68C-4469-8E48-EFFE63C0C4E7}.Release|Any CPU.Build.0 = Release|Any CPU
		{67F0469A-0896-4BC3-AD15-290AEFF85A2E}.Debug|Any CPU.ActiveCfg = Debug|Any CPU
		{67F0469A-0896-4BC3-AD15-290AEFF85A2E}.Debug|Any CPU.Build.0 = Debug|Any CPU
		{67F0469A-0896-4BC3-AD15-290AEFF85A2E}.Release|Any CPU.ActiveCfg = Release|Any CPU
		{67F0469A-0896-4BC3-AD15-290AEFF85A2E}.Release|Any CPU.Build.0 = Release|Any CPU
		{B08B1F8F-9D53-4D0D-945D-840B697721DA}.Debug|Any CPU.ActiveCfg = Debug|Any CPU
		{B08B1F8F-9D53-4D0D-945D-840B697721DA}.Debug|Any CPU.Build.0 = Debug|Any CPU
		{B08B1F8F-9D53-4D0D-945D-840B697721DA}.Release|Any CPU.ActiveCfg = Release|Any CPU
		{B08B1F8F-9D53-4D0D-945D-840B697721DA}.Release|Any CPU.Build.0 = Release|Any CPU
	EndGlobalSection
EndGlobal
