
Microsoft Visual Studio Solution File, Format Version 12.00
Project("{FAE04EC0-301F-11D3-BF4B-00C04F79EFBC}") = "ExMessengerApi.Data", "ExMessengerApi.Data.csproj", "{E55E89B1-A29C-4B37-BF46-34FE15DFC75A}"
EndProject
Project("{FAE04EC0-301F-11D3-BF4B-00C04F79EFBC}") = "ExMessengerApi.Models", "..\ExMessengerApi.Models\ExMessengerApi.Models.csproj", "{CE651254-A95F-428B-98C8-911D0EDF3284}"
EndProject
Global
	GlobalSection(SolutionConfigurationPlatforms) = preSolution
		Debug|Any CPU = Debug|Any CPU
		Release|Any CPU = Release|Any CPU
	EndGlobalSection
	GlobalSection(ProjectConfigurationPlatforms) = postSolution
		{E55E89B1-A29C-4B37-BF46-34FE15DFC75A}.Debug|Any CPU.ActiveCfg = Debug|Any CPU
		{E55E89B1-A29C-4B37-BF46-34FE15DFC75A}.Debug|Any CPU.Build.0 = Debug|Any CPU
		{E55E89B1-A29C-4B37-BF46-34FE15DFC75A}.Release|Any CPU.ActiveCfg = Release|Any CPU
		{E55E89B1-A29C-4B37-BF46-34FE15DFC75A}.Release|Any CPU.Build.0 = Release|Any CPU
		{CE651254-A95F-428B-98C8-911D0EDF3284}.Debug|Any CPU.ActiveCfg = Debug|Any CPU
		{CE651254-A95F-428B-98C8-911D0EDF3284}.Debug|Any CPU.Build.0 = Debug|Any CPU
		{CE651254-A95F-428B-98C8-911D0EDF3284}.Release|Any CPU.ActiveCfg = Release|Any CPU
		{CE651254-A95F-428B-98C8-911D0EDF3284}.Release|Any CPU.Build.0 = Release|Any CPU
	EndGlobalSection
EndGlobal
